
Microsoft Visual Studio Solution File, Format Version 12.00
# Visual Studio 15
VisualStudioVersion = 15.0.27428.2043
MinimumVisualStudioVersion = 10.0.40219.1
Project("{2150E333-8FDC-42A3-9474-1A3956D46DE8}") = "0_Presentation", "0_Presentation", "{0E45A759-2C31-423C-89AF-9C9B7F39E60C}"
EndProject
Project("{2150E333-8FDC-42A3-9474-1A3956D46DE8}") = "1_Application", "1_Application", "{3CBF615F-4AC9-4CC4-BA27-D03A1E578A07}"
EndProject
Project("{2150E333-8FDC-42A3-9474-1A3956D46DE8}") = "2_Domain", "2_Domain", "{FE76CB35-1322-439E-B1F7-DBF8A31AB685}"
EndProject
Project("{2150E333-8FDC-42A3-9474-1A3956D46DE8}") = "3_Infra", "3_Infra", "{921578FF-0BD9-48F8-95DD-A9980299EC5C}"
EndProject
Project("{9A19103F-16F7-4668-BE54-9A1E7A4F7556}") = "Domain.Entities", "Domain.Entities\Domain.Entities.csproj", "{74F51053-5358-4B8E-A6BF-8EBA315E1E4C}"
EndProject
Project("{9A19103F-16F7-4668-BE54-9A1E7A4F7556}") = "Infra.Repository", "Infra.Repository\Infra.Repository.csproj", "{3D3064EF-8D3F-4DA1-9648-BBED7309E8B6}"
EndProject
Project("{9A19103F-16F7-4668-BE54-9A1E7A4F7556}") = "Infra.CrossCutting.Bus", "Infra.CrossCutting.Bus\Infra.CrossCutting.Bus.csproj", "{CEC2A60E-467C-4BB9-9F30-46EED0527337}"
EndProject
Project("{9A19103F-16F7-4668-BE54-9A1E7A4F7556}") = "Application", "Application\Application.csproj", "{56FE27D8-95EF-446E-909E-FC07293BD8A3}"
EndProject
Project("{9A19103F-16F7-4668-BE54-9A1E7A4F7556}") = "Infra.CrossCutting.IoC", "Infra.CrossCutting.IoC\Infra.CrossCutting.IoC.csproj", "{FACC9343-F194-4B02-B8AB-DAAEC5CA8438}"
EndProject
Project("{9A19103F-16F7-4668-BE54-9A1E7A4F7556}") = "Site", "Site\Site.csproj", "{38469A67-F6F7-4149-AFA0-EEAC8E6B7C46}"
EndProject
Project("{9A19103F-16F7-4668-BE54-9A1E7A4F7556}") = "Domain", "Domain\Domain.csproj", "{11B28C1D-853F-4512-98D9-7253227528B8}"
EndProject
Project("{FAE04EC0-301F-11D3-BF4B-00C04F79EFBC}") = "Domain.Core", "Domain.Core\Domain.Core.csproj", "{348FA0C0-96A7-481F-B8E9-653EBEF78450}"
EndProject
Project("{FAE04EC0-301F-11D3-BF4B-00C04F79EFBC}") = "Infra.CrossCutting.Shared", "Infra.CrossCutting.Shared\Infra.CrossCutting.Shared.csproj", "{024B0EE2-6EEB-4E1C-B116-795E24F5CF3E}"
EndProject
Global
	GlobalSection(SolutionConfigurationPlatforms) = preSolution
		Debug|Any CPU = Debug|Any CPU
		Release|Any CPU = Release|Any CPU
	EndGlobalSection
	GlobalSection(ProjectConfigurationPlatforms) = postSolution
		{74F51053-5358-4B8E-A6BF-8EBA315E1E4C}.Debug|Any CPU.ActiveCfg = Debug|Any CPU
		{74F51053-5358-4B8E-A6BF-8EBA315E1E4C}.Debug|Any CPU.Build.0 = Debug|Any CPU
		{74F51053-5358-4B8E-A6BF-8EBA315E1E4C}.Release|Any CPU.ActiveCfg = Release|Any CPU
		{74F51053-5358-4B8E-A6BF-8EBA315E1E4C}.Release|Any CPU.Build.0 = Release|Any CPU
		{3D3064EF-8D3F-4DA1-9648-BBED7309E8B6}.Debug|Any CPU.ActiveCfg = Debug|Any CPU
		{3D3064EF-8D3F-4DA1-9648-BBED7309E8B6}.Debug|Any CPU.Build.0 = Debug|Any CPU
		{3D3064EF-8D3F-4DA1-9648-BBED7309E8B6}.Release|Any CPU.ActiveCfg = Release|Any CPU
		{3D3064EF-8D3F-4DA1-9648-BBED7309E8B6}.Release|Any CPU.Build.0 = Release|Any CPU
		{CEC2A60E-467C-4BB9-9F30-46EED0527337}.Debug|Any CPU.ActiveCfg = Debug|Any CPU
		{CEC2A60E-467C-4BB9-9F30-46EED0527337}.Debug|Any CPU.Build.0 = Debug|Any CPU
		{CEC2A60E-467C-4BB9-9F30-46EED0527337}.Release|Any CPU.ActiveCfg = Release|Any CPU
		{CEC2A60E-467C-4BB9-9F30-46EED0527337}.Release|Any CPU.Build.0 = Release|Any CPU
		{56FE27D8-95EF-446E-909E-FC07293BD8A3}.Debug|Any CPU.ActiveCfg = Debug|Any CPU
		{56FE27D8-95EF-446E-909E-FC07293BD8A3}.Debug|Any CPU.Build.0 = Debug|Any CPU
		{56FE27D8-95EF-446E-909E-FC07293BD8A3}.Release|Any CPU.ActiveCfg = Release|Any CPU
		{56FE27D8-95EF-446E-909E-FC07293BD8A3}.Release|Any CPU.Build.0 = Release|Any CPU
		{FACC9343-F194-4B02-B8AB-DAAEC5CA8438}.Debug|Any CPU.ActiveCfg = Debug|Any CPU
		{FACC9343-F194-4B02-B8AB-DAAEC5CA8438}.Debug|Any CPU.Build.0 = Debug|Any CPU
		{FACC9343-F194-4B02-B8AB-DAAEC5CA8438}.Release|Any CPU.ActiveCfg = Release|Any CPU
		{FACC9343-F194-4B02-B8AB-DAAEC5CA8438}.Release|Any CPU.Build.0 = Release|Any CPU
		{38469A67-F6F7-4149-AFA0-EEAC8E6B7C46}.Debug|Any CPU.ActiveCfg = Debug|Any CPU
		{38469A67-F6F7-4149-AFA0-EEAC8E6B7C46}.Debug|Any CPU.Build.0 = Debug|Any CPU
		{38469A67-F6F7-4149-AFA0-EEAC8E6B7C46}.Release|Any CPU.ActiveCfg = Release|Any CPU
		{38469A67-F6F7-4149-AFA0-EEAC8E6B7C46}.Release|Any CPU.Build.0 = Release|Any CPU
		{11B28C1D-853F-4512-98D9-7253227528B8}.Debug|Any CPU.ActiveCfg = Debug|Any CPU
		{11B28C1D-853F-4512-98D9-7253227528B8}.Debug|Any CPU.Build.0 = Debug|Any CPU
		{11B28C1D-853F-4512-98D9-7253227528B8}.Release|Any CPU.ActiveCfg = Release|Any CPU
		{11B28C1D-853F-4512-98D9-7253227528B8}.Release|Any CPU.Build.0 = Release|Any CPU
		{348FA0C0-96A7-481F-B8E9-653EBEF78450}.Debug|Any CPU.ActiveCfg = Debug|Any CPU
		{348FA0C0-96A7-481F-B8E9-653EBEF78450}.Debug|Any CPU.Build.0 = Debug|Any CPU
		{348FA0C0-96A7-481F-B8E9-653EBEF78450}.Release|Any CPU.ActiveCfg = Release|Any CPU
		{348FA0C0-96A7-481F-B8E9-653EBEF78450}.Release|Any CPU.Build.0 = Release|Any CPU
		{024B0EE2-6EEB-4E1C-B116-795E24F5CF3E}.Debug|Any CPU.ActiveCfg = Debug|Any CPU
		{024B0EE2-6EEB-4E1C-B116-795E24F5CF3E}.Debug|Any CPU.Build.0 = Debug|Any CPU
		{024B0EE2-6EEB-4E1C-B116-795E24F5CF3E}.Release|Any CPU.ActiveCfg = Release|Any CPU
		{024B0EE2-6EEB-4E1C-B116-795E24F5CF3E}.Release|Any CPU.Build.0 = Release|Any CPU
	EndGlobalSection
	GlobalSection(SolutionProperties) = preSolution
		HideSolutionNode = FALSE
	EndGlobalSection
	GlobalSection(NestedProjects) = preSolution
		{74F51053-5358-4B8E-A6BF-8EBA315E1E4C} = {FE76CB35-1322-439E-B1F7-DBF8A31AB685}
		{3D3064EF-8D3F-4DA1-9648-BBED7309E8B6} = {921578FF-0BD9-48F8-95DD-A9980299EC5C}
		{CEC2A60E-467C-4BB9-9F30-46EED0527337} = {921578FF-0BD9-48F8-95DD-A9980299EC5C}
		{56FE27D8-95EF-446E-909E-FC07293BD8A3} = {3CBF615F-4AC9-4CC4-BA27-D03A1E578A07}
		{FACC9343-F194-4B02-B8AB-DAAEC5CA8438} = {921578FF-0BD9-48F8-95DD-A9980299EC5C}
		{38469A67-F6F7-4149-AFA0-EEAC8E6B7C46} = {0E45A759-2C31-423C-89AF-9C9B7F39E60C}
		{11B28C1D-853F-4512-98D9-7253227528B8} = {FE76CB35-1322-439E-B1F7-DBF8A31AB685}
		{348FA0C0-96A7-481F-B8E9-653EBEF78450} = {FE76CB35-1322-439E-B1F7-DBF8A31AB685}
		{024B0EE2-6EEB-4E1C-B116-795E24F5CF3E} = {921578FF-0BD9-48F8-95DD-A9980299EC5C}
	EndGlobalSection
	GlobalSection(ExtensibilityGlobals) = postSolution
		SolutionGuid = {FF5EC209-4FDD-4D76-A61A-CFFE2A2113E4}
	EndGlobalSection
EndGlobal
